
Microsoft Visual Studio Solution File, Format Version 12.00
# Visual Studio Version 16
VisualStudioVersion = 25.0.1704.2
MinimumVisualStudioVersion = 10.0.40219.1
Project("{FAE04EC0-301F-11D3-BF4B-00C04F79EFBC}") = "COMP003A.MacWalkthrough", "COMP003A.MacWalkthrough\COMP003A.MacWalkthrough.csproj", "{EEF10B7F-0EC7-4399-BC30-998767EB11F8}"
EndProject
Global
	GlobalSection(SolutionConfigurationPlatforms) = preSolution
		Debug|Any CPU = Debug|Any CPU
		Release|Any CPU = Release|Any CPU
	EndGlobalSection
	GlobalSection(ProjectConfigurationPlatforms) = postSolution
		{EEF10B7F-0EC7-4399-BC30-998767EB11F8}.Debug|Any CPU.ActiveCfg = Debug|Any CPU
		{EEF10B7F-0EC7-4399-BC30-998767EB11F8}.Debug|Any CPU.Build.0 = Debug|Any CPU
		{EEF10B7F-0EC7-4399-BC30-998767EB11F8}.Release|Any CPU.ActiveCfg = Release|Any CPU
		{EEF10B7F-0EC7-4399-BC30-998767EB11F8}.Release|Any CPU.Build.0 = Release|Any CPU
	EndGlobalSection
	GlobalSection(SolutionProperties) = preSolution
		HideSolutionNode = FALSE
	EndGlobalSection
	GlobalSection(ExtensibilityGlobals) = postSolution
		SolutionGuid = {607A9BA5-FDC6-4BDF-9131-74986421585A}
	EndGlobalSection
EndGlobal
